
Microsoft Visual Studio Solution File, Format Version 12.00
# Visual Studio Version 17
VisualStudioVersion = 17.7.34031.279
MinimumVisualStudioVersion = 10.0.40219.1
Project("{FAE04EC0-301F-11D3-BF4B-00C04F79EFBC}") = "Campany", "Campany\Campany.csproj", "{73227861-1B24-4886-B9E7-323F343EEC13}"
EndProject
Global
	GlobalSection(SolutionConfigurationPlatforms) = preSolution
		Debug|Any CPU = Debug|Any CPU
		Release|Any CPU = Release|Any CPU
	EndGlobalSection
	GlobalSection(ProjectConfigurationPlatforms) = postSolution
		{73227861-1B24-4886-B9E7-323F343EEC13}.Debug|Any CPU.ActiveCfg = Debug|Any CPU
		{73227861-1B24-4886-B9E7-323F343EEC13}.Debug|Any CPU.Build.0 = Debug|Any CPU
		{73227861-1B24-4886-B9E7-323F343EEC13}.Release|Any CPU.ActiveCfg = Release|Any CPU
		{73227861-1B24-4886-B9E7-323F343EEC13}.Release|Any CPU.Build.0 = Release|Any CPU
	EndGlobalSection
	GlobalSection(SolutionProperties) = preSolution
		HideSolutionNode = FALSE
	EndGlobalSection
	GlobalSection(ExtensibilityGlobals) = postSolution
		SolutionGuid = {06541B04-FB32-4CB8-BFE0-E192AB349A22}
	EndGlobalSection
EndGlobal
